# THIS IS AN AUTOGENERATED FILE. DO NOT EDIT THIS FILE DIRECTLY.
# yarn lockfile v1


lodash@^4.17.5:
  version "4.17.5"
  resolved "https://registry.yarnpkg.com/lodash/-/lodash-4.17.5.tgz#99a92d65c0272debe8c96b6057bc8fbfa3bed511"

node-fetch@^2.1.2:
  version "2.1.2"
  resolved "https://registry.yarnpkg.com/node-fetch/-/node-fetch-2.1.2.tgz#ab884e8e7e57e38a944753cec706f788d1768bb5"

simple-aliyun@^1.0.1:
  version "1.0.1"
  resolved "https://registry.yarnpkg.com/simple-aliyun/-/simple-aliyun-1.0.1.tgz#e2cdcc30cd86f6f610da867d3d56c3a1dc903831"
  dependencies:
    lodash "^4.17.5"
    node-fetch "^2.1.2"
